// !$*UTF8*$!
{
	archiveVersion = 1;
	classes = {
	};
	objectVersion = 50;
	objects = {

/* Begin PBXBuildFile section */
		B17B6703B3FBA5780DC9C65A /* Pods_FBLA101.framework in Frameworks */ = {isa = PBXBuildFile; fileRef = 4CDA43AE80E28679479EED4E /* Pods_FBLA101.framework */; };
		E002E8CF22220BB60004D98B /* [S]Competitive Events.storyboard in Resources */ = {isa = PBXBuildFile; fileRef = E002E8CE22220BB60004D98B /* [S]Competitive Events.storyboard */; };
		E002E8D122262FB90004D98B /* WebsitesCompetitiveEvents.swift in Sources */ = {isa = PBXBuildFile; fileRef = E002E8D022262FB90004D98B /* WebsitesCompetitiveEvents.swift */; };
		E002E8D3222651A50004D98B /* FlashcardsCompetitiveEvents.swift in Sources */ = {isa = PBXBuildFile; fileRef = E002E8D2222651A50004D98B /* FlashcardsCompetitiveEvents.swift */; };
		E039AC68220179DD008A76BE /* AppDelegate.swift in Sources */ = {isa = PBXBuildFile; fileRef = E039AC67220179DD008A76BE /* AppDelegate.swift */; };
		E039AC6D220179DD008A76BE /* Main.storyboard in Resources */ = {isa = PBXBuildFile; fileRef = E039AC6B220179DD008A76BE /* Main.storyboard */; };
		E039AC70220179DD008A76BE /* FBLAPrep.xcdatamodeld in Sources */ = {isa = PBXBuildFile; fileRef = E039AC6E220179DD008A76BE /* FBLAPrep.xcdatamodeld */; };
		E039AC72220179DF008A76BE /* Assets.xcassets in Resources */ = {isa = PBXBuildFile; fileRef = E039AC71220179DF008A76BE /* Assets.xcassets */; };
		E039AC75220179DF008A76BE /* LaunchScreen.storyboard in Resources */ = {isa = PBXBuildFile; fileRef = E039AC73220179DF008A76BE /* LaunchScreen.storyboard */; };
		E039AC80220179DF008A76BE /* FBLAPrepTests.swift in Sources */ = {isa = PBXBuildFile; fileRef = E039AC7F220179DF008A76BE /* FBLAPrepTests.swift */; };
		E039AC8B220179DF008A76BE /* FBLAPrepUITests.swift in Sources */ = {isa = PBXBuildFile; fileRef = E039AC8A220179DF008A76BE /* FBLAPrepUITests.swift */; };
		E080D20C222D2036006ADBAA /* FlashcardsBusinessSkills.swift in Sources */ = {isa = PBXBuildFile; fileRef = E080D20B222D2036006ADBAA /* FlashcardsBusinessSkills.swift */; };
		E080D20E222D22CE006ADBAA /* WebsitesBusinessSkills.swift in Sources */ = {isa = PBXBuildFile; fileRef = E080D20D222D22CE006ADBAA /* WebsitesBusinessSkills.swift */; };
		E094CD50222B7892008D23CE /* loginViewController.swift in Sources */ = {isa = PBXBuildFile; fileRef = E094CD4F222B7892008D23CE /* loginViewController.swift */; };
		E094CD52222B8AA9008D23CE /* signUpViewController.swift in Sources */ = {isa = PBXBuildFile; fileRef = E094CD51222B8AA9008D23CE /* signUpViewController.swift */; };
		E0A90B8D221B79680079D883 /* ButtonAnimations.swift in Sources */ = {isa = PBXBuildFile; fileRef = E0A90B8C221B79670079D883 /* ButtonAnimations.swift */; };
		E0A90B8F221B7E8A0079D883 /* ApplyShadows.swift in Sources */ = {isa = PBXBuildFile; fileRef = E0A90B8E221B7E8A0079D883 /* ApplyShadows.swift */; };
		E0A90B94221B8E090079D883 /* BigBlackBear.ttf in Resources */ = {isa = PBXBuildFile; fileRef = E0A90B93221B8E060079D883 /* BigBlackBear.ttf */; };
		E0D4D6D22227BD1100B8EA3F /* StatisticsViewController.swift in Sources */ = {isa = PBXBuildFile; fileRef = E0D4D6D12227BD1100B8EA3F /* StatisticsViewController.swift */; };
		E0D4D6D4222862BC00B8EA3F /* AnimatedTabBar.swift in Sources */ = {isa = PBXBuildFile; fileRef = E0D4D6D3222862BC00B8EA3F /* AnimatedTabBar.swift */; };
		E0D4D6D622287B8D00B8EA3F /* [T]Competitive Events.storyboard in Resources */ = {isa = PBXBuildFile; fileRef = E0D4D6D522287B8D00B8EA3F /* [T]Competitive Events.storyboard */; };
		E0D4D6DA2228B57B00B8EA3F /* TestCompetitiveEvents.swift in Sources */ = {isa = PBXBuildFile; fileRef = E0D4D6D92228B57B00B8EA3F /* TestCompetitiveEvents.swift */; };
		E0D4D6DC2228FF6700B8EA3F /* GlobalVariables.swift in Sources */ = {isa = PBXBuildFile; fileRef = E0D4D6DB2228FF6700B8EA3F /* GlobalVariables.swift */; };
		E0D57F6B222D10E80073EB2E /* FlashcardsNationalChapter.swift in Sources */ = {isa = PBXBuildFile; fileRef = E0D57F6A222D10E80073EB2E /* FlashcardsNationalChapter.swift */; };
		E0D57F6D222D12BB0073EB2E /* WebsitesNationalChapter.swift in Sources */ = {isa = PBXBuildFile; fileRef = E0D57F6C222D12BB0073EB2E /* WebsitesNationalChapter.swift */; };
		E0FA35D72229CE1700D61581 /* Results.swift in Sources */ = {isa = PBXBuildFile; fileRef = E0FA35D62229CE1700D61581 /* Results.swift */; };
		E0FA35D9222A642000D61581 /* SettingsViewController.swift in Sources */ = {isa = PBXBuildFile; fileRef = E0FA35D8222A641F00D61581 /* SettingsViewController.swift */; };
		E0FA35E2222B238600D61581 /* NotificationCenter.framework in Frameworks */ = {isa = PBXBuildFile; fileRef = E0FA35E1222B238600D61581 /* NotificationCenter.framework */; };
		E0FA35E5222B238600D61581 /* TodayViewController.swift in Sources */ = {isa = PBXBuildFile; fileRef = E0FA35E4222B238600D61581 /* TodayViewController.swift */; };
		E0FA35E8222B238600D61581 /* MainInterface.storyboard in Resources */ = {isa = PBXBuildFile; fileRef = E0FA35E6222B238600D61581 /* MainInterface.storyboard */; };
		E0FA35EC222B238600D61581 /* FBLA101 Widget.appex in Embed App Extensions */ = {isa = PBXBuildFile; fileRef = E0FA35E0222B238600D61581 /* FBLA101 Widget.appex */; settings = {ATTRIBUTES = (RemoveHeadersOnCopy, ); }; };
		E0FA35F2222B725C00D61581 /* GoogleService-Info.plist in Resources */ = {isa = PBXBuildFile; fileRef = E0FA35F1222B725C00D61581 /* GoogleService-Info.plist */; };
		E0FA35F3222B725D00D61581 /* GoogleService-Info.plist in Resources */ = {isa = PBXBuildFile; fileRef = E0FA35F1222B725C00D61581 /* GoogleService-Info.plist */; };
		E0FA35F4222B725D00D61581 /* GoogleService-Info.plist in Resources */ = {isa = PBXBuildFile; fileRef = E0FA35F1222B725C00D61581 /* GoogleService-Info.plist */; };
		E0FA35F5222B725D00D61581 /* GoogleService-Info.plist in Resources */ = {isa = PBXBuildFile; fileRef = E0FA35F1222B725C00D61581 /* GoogleService-Info.plist */; };
		E0FA612A222BF83B009955BC /* TestSelection.swift in Sources */ = {isa = PBXBuildFile; fileRef = E0FA6129222BF83B009955BC /* TestSelection.swift */; };
		E0FA612E222BFEAC009955BC /* TestBusinessSkills.swift in Sources */ = {isa = PBXBuildFile; fileRef = E0FA612D222BFEAC009955BC /* TestBusinessSkills.swift */; };
		E0FA6130222C07A7009955BC /* [T]NLC Knowledge.storyboard in Resources */ = {isa = PBXBuildFile; fileRef = E0FA612F222C07A7009955BC /* [T]NLC Knowledge.storyboard */; };
		E0FA6132222C07DD009955BC /* TestNLCKnowledge.swift in Sources */ = {isa = PBXBuildFile; fileRef = E0FA6131222C07DD009955BC /* TestNLCKnowledge.swift */; };
		E0FA6139222C08C6009955BC /* [T]History.storyboard in Resources */ = {isa = PBXBuildFile; fileRef = E0FA6138222C08C6009955BC /* [T]History.storyboard */; };
		E0FA613B222C08E3009955BC /* [T]National Chapter.storyboard in Resources */ = {isa = PBXBuildFile; fileRef = E0FA613A222C08E3009955BC /* [T]National Chapter.storyboard */; };
		E0FA613D222C08FF009955BC /* [T]Business Skills.storyboard in Resources */ = {isa = PBXBuildFile; fileRef = E0FA613C222C08FF009955BC /* [T]Business Skills.storyboard */; };
		E0FA613F222C09AB009955BC /* TestHistory.swift in Sources */ = {isa = PBXBuildFile; fileRef = E0FA613E222C09AB009955BC /* TestHistory.swift */; };
		E0FA6141222C09C4009955BC /* TestNationalChapter.swift in Sources */ = {isa = PBXBuildFile; fileRef = E0FA6140222C09C4009955BC /* TestNationalChapter.swift */; };
		E0FA6147222C0B3C009955BC /* [S]NLC Knowledge.storyboard in Resources */ = {isa = PBXBuildFile; fileRef = E0FA6146222C0B3C009955BC /* [S]NLC Knowledge.storyboard */; };
		E0FA614B222C0B65009955BC /* [S]History.storyboard in Resources */ = {isa = PBXBuildFile; fileRef = E0FA614A222C0B65009955BC /* [S]History.storyboard */; };
		E0FA614D222C0B88009955BC /* [S]National Chapter.storyboard in Resources */ = {isa = PBXBuildFile; fileRef = E0FA614C222C0B88009955BC /* [S]National Chapter.storyboard */; };
		E0FA614F222C0B98009955BC /* [S]Business Skills.storyboard in Resources */ = {isa = PBXBuildFile; fileRef = E0FA614E222C0B98009955BC /* [S]Business Skills.storyboard */; };
		E0FA6151222CE849009955BC /* FlashcardsNLCKnowledge.swift in Sources */ = {isa = PBXBuildFile; fileRef = E0FA6150222CE849009955BC /* FlashcardsNLCKnowledge.swift */; };
		E0FA6153222CE90A009955BC /* WebsitesNLCKnowledge.swift in Sources */ = {isa = PBXBuildFile; fileRef = E0FA6152222CE90A009955BC /* WebsitesNLCKnowledge.swift */; };
		E0FA6155222CF084009955BC /* FlashcardsHistory.swift in Sources */ = {isa = PBXBuildFile; fileRef = E0FA6154222CF084009955BC /* FlashcardsHistory.swift */; };
		E0FA6157222CF300009955BC /* WebsitesHistory.swift in Sources */ = {isa = PBXBuildFile; fileRef = E0FA6156222CF300009955BC /* WebsitesHistory.swift */; };
		E0FA6159222D09C8009955BC /* Results2.swift in Sources */ = {isa = PBXBuildFile; fileRef = E0FA6158222D09C8009955BC /* Results2.swift */; };
/* End PBXBuildFile section */

/* Begin PBXContainerItemProxy section */
		E039AC7C220179DF008A76BE /* PBXContainerItemProxy */ = {
			isa = PBXContainerItemProxy;
			containerPortal = E039AC5C220179DC008A76BE /* Project object */;
			proxyType = 1;
			remoteGlobalIDString = E039AC63220179DD008A76BE;
			remoteInfo = FBLAPrep;
		};
		E039AC87220179DF008A76BE /* PBXContainerItemProxy */ = {
			isa = PBXContainerItemProxy;
			containerPortal = E039AC5C220179DC008A76BE /* Project object */;
			proxyType = 1;
			remoteGlobalIDString = E039AC63220179DD008A76BE;
			remoteInfo = FBLAPrep;
		};
		E0FA35EA222B238600D61581 /* PBXContainerItemProxy */ = {
			isa = PBXContainerItemProxy;
			containerPortal = E039AC5C220179DC008A76BE /* Project object */;
			proxyType = 1;
			remoteGlobalIDString = E0FA35DF222B238600D61581;
			remoteInfo = "FBLA101 Widget";
		};
/* End PBXContainerItemProxy section */

/* Begin PBXCopyFilesBuildPhase section */
		E0FA35F0222B238600D61581 /* Embed App Extensions */ = {
			isa = PBXCopyFilesBuildPhase;
			buildActionMask = 2147483647;
			dstPath = "";
			dstSubfolderSpec = 13;
			files = (
				E0FA35EC222B238600D61581 /* FBLA101 Widget.appex in Embed App Extensions */,
			);
			name = "Embed App Extensions";
			runOnlyForDeploymentPostprocessing = 0;
		};
/* End PBXCopyFilesBuildPhase section */

/* Begin PBXFileReference section */
		3B308337F1EB5A8BF5B11BB0 /* Pods-FBLA101.debug.xcconfig */ = {isa = PBXFileReference; includeInIndex = 1; lastKnownFileType = text.xcconfig; name = "Pods-FBLA101.debug.xcconfig"; path = "Target Support Files/Pods-FBLA101/Pods-FBLA101.debug.xcconfig"; sourceTree = "<group>"; };
		4CDA43AE80E28679479EED4E /* Pods_FBLA101.framework */ = {isa = PBXFileReference; explicitFileType = wrapper.framework; includeInIndex = 0; path = Pods_FBLA101.framework; sourceTree = BUILT_PRODUCTS_DIR; };
		B5DF78F493833BA28B72D791 /* Pods-FBLA101.release.xcconfig */ = {isa = PBXFileReference; includeInIndex = 1; lastKnownFileType = text.xcconfig; name = "Pods-FBLA101.release.xcconfig"; path = "Target Support Files/Pods-FBLA101/Pods-FBLA101.release.xcconfig"; sourceTree = "<group>"; };
		E002E8CE22220BB60004D98B /* [S]Competitive Events.storyboard */ = {isa = PBXFileReference; lastKnownFileType = file.storyboard; path = "[S]Competitive Events.storyboard"; sourceTree = "<group>"; };
		E002E8D022262FB90004D98B /* WebsitesCompetitiveEvents.swift */ = {isa = PBXFileReference; lastKnownFileType = sourcecode.swift; path = WebsitesCompetitiveEvents.swift; sourceTree = "<group>"; };
		E002E8D2222651A50004D98B /* FlashcardsCompetitiveEvents.swift */ = {isa = PBXFileReference; lastKnownFileType = sourcecode.swift; path = FlashcardsCompetitiveEvents.swift; sourceTree = "<group>"; };
		E039AC64220179DD008A76BE /* FBLA101.app */ = {isa = PBXFileReference; explicitFileType = wrapper.application; includeInIndex = 0; path = FBLA101.app; sourceTree = BUILT_PRODUCTS_DIR; };
		E039AC67220179DD008A76BE /* AppDelegate.swift */ = {isa = PBXFileReference; lastKnownFileType = sourcecode.swift; path = AppDelegate.swift; sourceTree = "<group>"; };
		E039AC6C220179DD008A76BE /* Base */ = {isa = PBXFileReference; lastKnownFileType = file.storyboard; name = Base; path = Base.lproj/Main.storyboard; sourceTree = "<group>"; };
		E039AC6F220179DD008A76BE /* FBLAPrep.xcdatamodel */ = {isa = PBXFileReference; lastKnownFileType = wrapper.xcdatamodel; path = FBLAPrep.xcdatamodel; sourceTree = "<group>"; };
		E039AC71220179DF008A76BE /* Assets.xcassets */ = {isa = PBXFileReference; lastKnownFileType = folder.assetcatalog; path = Assets.xcassets; sourceTree = "<group>"; };
		E039AC74220179DF008A76BE /* Base */ = {isa = PBXFileReference; lastKnownFileType = file.storyboard; name = Base; path = Base.lproj/LaunchScreen.storyboard; sourceTree = "<group>"; };
		E039AC76220179DF008A76BE /* Info.plist */ = {isa = PBXFileReference; lastKnownFileType = text.plist.xml; path = Info.plist; sourceTree = "<group>"; };
		E039AC7B220179DF008A76BE /* FBLA101Tests.xctest */ = {isa = PBXFileReference; explicitFileType = wrapper.cfbundle; includeInIndex = 0; path = FBLA101Tests.xctest; sourceTree = BUILT_PRODUCTS_DIR; };
		E039AC7F220179DF008A76BE /* FBLAPrepTests.swift */ = {isa = PBXFileReference; lastKnownFileType = sourcecode.swift; path = FBLAPrepTests.swift; sourceTree = "<group>"; };
		E039AC81220179DF008A76BE /* Info.plist */ = {isa = PBXFileReference; lastKnownFileType = text.plist.xml; path = Info.plist; sourceTree = "<group>"; };
		E039AC86220179DF008A76BE /* FBLA101UITests.xctest */ = {isa = PBXFileReference; explicitFileType = wrapper.cfbundle; includeInIndex = 0; path = FBLA101UITests.xctest; sourceTree = BUILT_PRODUCTS_DIR; };
		E039AC8A220179DF008A76BE /* FBLAPrepUITests.swift */ = {isa = PBXFileReference; lastKnownFileType = sourcecode.swift; path = FBLAPrepUITests.swift; sourceTree = "<group>"; };
		E039AC8C220179DF008A76BE /* Info.plist */ = {isa = PBXFileReference; lastKnownFileType = text.plist.xml; path = Info.plist; sourceTree = "<group>"; };
		E080D20B222D2036006ADBAA /* FlashcardsBusinessSkills.swift */ = {isa = PBXFileReference; lastKnownFileType = sourcecode.swift; path = FlashcardsBusinessSkills.swift; sourceTree = "<group>"; };
		E080D20D222D22CE006ADBAA /* WebsitesBusinessSkills.swift */ = {isa = PBXFileReference; lastKnownFileType = sourcecode.swift; path = WebsitesBusinessSkills.swift; sourceTree = "<group>"; };
		E094CD4F222B7892008D23CE /* loginViewController.swift */ = {isa = PBXFileReference; lastKnownFileType = sourcecode.swift; path = loginViewController.swift; sourceTree = "<group>"; };
		E094CD51222B8AA9008D23CE /* signUpViewController.swift */ = {isa = PBXFileReference; lastKnownFileType = sourcecode.swift; path = signUpViewController.swift; sourceTree = "<group>"; };
		E0A90B8C221B79670079D883 /* ButtonAnimations.swift */ = {isa = PBXFileReference; lastKnownFileType = sourcecode.swift; path = ButtonAnimations.swift; sourceTree = "<group>"; };
		E0A90B8E221B7E8A0079D883 /* ApplyShadows.swift */ = {isa = PBXFileReference; lastKnownFileType = sourcecode.swift; path = ApplyShadows.swift; sourceTree = "<group>"; };
		E0A90B93221B8E060079D883 /* BigBlackBear.ttf */ = {isa = PBXFileReference; lastKnownFileType = file; path = BigBlackBear.ttf; sourceTree = "<group>"; };
		E0D4D6D12227BD1100B8EA3F /* StatisticsViewController.swift */ = {isa = PBXFileReference; lastKnownFileType = sourcecode.swift; path = StatisticsViewController.swift; sourceTree = "<group>"; };
		E0D4D6D3222862BC00B8EA3F /* AnimatedTabBar.swift */ = {isa = PBXFileReference; lastKnownFileType = sourcecode.swift; path = AnimatedTabBar.swift; sourceTree = "<group>"; };
		E0D4D6D522287B8D00B8EA3F /* [T]Competitive Events.storyboard */ = {isa = PBXFileReference; lastKnownFileType = file.storyboard; path = "[T]Competitive Events.storyboard"; sourceTree = "<group>"; };
		E0D4D6D92228B57B00B8EA3F /* TestCompetitiveEvents.swift */ = {isa = PBXFileReference; lastKnownFileType = sourcecode.swift; path = TestCompetitiveEvents.swift; sourceTree = "<group>"; };
		E0D4D6DB2228FF6700B8EA3F /* GlobalVariables.swift */ = {isa = PBXFileReference; lastKnownFileType = sourcecode.swift; path = GlobalVariables.swift; sourceTree = "<group>"; };
		E0D57F6A222D10E80073EB2E /* FlashcardsNationalChapter.swift */ = {isa = PBXFileReference; lastKnownFileType = sourcecode.swift; path = FlashcardsNationalChapter.swift; sourceTree = "<group>"; };
		E0D57F6C222D12BB0073EB2E /* WebsitesNationalChapter.swift */ = {isa = PBXFileReference; lastKnownFileType = sourcecode.swift; path = WebsitesNationalChapter.swift; sourceTree = "<group>"; };
		E0FA35D62229CE1700D61581 /* Results.swift */ = {isa = PBXFileReference; lastKnownFileType = sourcecode.swift; path = Results.swift; sourceTree = "<group>"; };
		E0FA35D8222A641F00D61581 /* SettingsViewController.swift */ = {isa = PBXFileReference; lastKnownFileType = sourcecode.swift; path = SettingsViewController.swift; sourceTree = "<group>"; };
		E0FA35E0222B238600D61581 /* FBLA101 Widget.appex */ = {isa = PBXFileReference; explicitFileType = "wrapper.app-extension"; includeInIndex = 0; path = "FBLA101 Widget.appex"; sourceTree = BUILT_PRODUCTS_DIR; };
		E0FA35E1222B238600D61581 /* NotificationCenter.framework */ = {isa = PBXFileReference; lastKnownFileType = wrapper.framework; name = NotificationCenter.framework; path = System/Library/Frameworks/NotificationCenter.framework; sourceTree = SDKROOT; };
		E0FA35E4222B238600D61581 /* TodayViewController.swift */ = {isa = PBXFileReference; lastKnownFileType = sourcecode.swift; path = TodayViewController.swift; sourceTree = "<group>"; };
		E0FA35E7222B238600D61581 /* Base */ = {isa = PBXFileReference; lastKnownFileType = file.storyboard; name = Base; path = Base.lproj/MainInterface.storyboard; sourceTree = "<group>"; };
		E0FA35E9222B238600D61581 /* Info.plist */ = {isa = PBXFileReference; lastKnownFileType = text.plist.xml; path = Info.plist; sourceTree = "<group>"; };
		E0FA35F1222B725C00D61581 /* GoogleService-Info.plist */ = {isa = PBXFileReference; fileEncoding = 4; lastKnownFileType = text.plist.xml; name = "GoogleService-Info.plist"; path = "../../../Downloads/GoogleService-Info.plist"; sourceTree = "<group>"; };
		E0FA6129222BF83B009955BC /* TestSelection.swift */ = {isa = PBXFileReference; lastKnownFileType = sourcecode.swift; path = TestSelection.swift; sourceTree = "<group>"; };
		E0FA612D222BFEAC009955BC /* TestBusinessSkills.swift */ = {isa = PBXFileReference; lastKnownFileType = sourcecode.swift; path = TestBusinessSkills.swift; sourceTree = "<group>"; };
		E0FA612F222C07A7009955BC /* [T]NLC Knowledge.storyboard */ = {isa = PBXFileReference; lastKnownFileType = file.storyboard; path = "[T]NLC Knowledge.storyboard"; sourceTree = "<group>"; };
		E0FA6131222C07DD009955BC /* TestNLCKnowledge.swift */ = {isa = PBXFileReference; lastKnownFileType = sourcecode.swift; path = TestNLCKnowledge.swift; sourceTree = "<group>"; };
		E0FA6138222C08C6009955BC /* [T]History.storyboard */ = {isa = PBXFileReference; lastKnownFileType = file.storyboard; path = "[T]History.storyboard"; sourceTree = "<group>"; };
		E0FA613A222C08E3009955BC /* [T]National Chapter.storyboard */ = {isa = PBXFileReference; lastKnownFileType = file.storyboard; path = "[T]National Chapter.storyboard"; sourceTree = "<group>"; };
		E0FA613C222C08FF009955BC /* [T]Business Skills.storyboard */ = {isa = PBXFileReference; lastKnownFileType = file.storyboard; path = "[T]Business Skills.storyboard"; sourceTree = "<group>"; };
		E0FA613E222C09AB009955BC /* TestHistory.swift */ = {isa = PBXFileReference; lastKnownFileType = sourcecode.swift; path = TestHistory.swift; sourceTree = "<group>"; };
		E0FA6140222C09C4009955BC /* TestNationalChapter.swift */ = {isa = PBXFileReference; lastKnownFileType = sourcecode.swift; path = TestNationalChapter.swift; sourceTree = "<group>"; };
		E0FA6146222C0B3C009955BC /* [S]NLC Knowledge.storyboard */ = {isa = PBXFileReference; lastKnownFileType = file.storyboard; path = "[S]NLC Knowledge.storyboard"; sourceTree = "<group>"; };
		E0FA614A222C0B65009955BC /* [S]History.storyboard */ = {isa = PBXFileReference; lastKnownFileType = file.storyboard; path = "[S]History.storyboard"; sourceTree = "<group>"; };
		E0FA614C222C0B88009955BC /* [S]National Chapter.storyboard */ = {isa = PBXFileReference; lastKnownFileType = file.storyboard; path = "[S]National Chapter.storyboard"; sourceTree = "<group>"; };
		E0FA614E222C0B98009955BC /* [S]Business Skills.storyboard */ = {isa = PBXFileReference; lastKnownFileType = file.storyboard; path = "[S]Business Skills.storyboard"; sourceTree = "<group>"; };
		E0FA6150222CE849009955BC /* FlashcardsNLCKnowledge.swift */ = {isa = PBXFileReference; lastKnownFileType = sourcecode.swift; path = FlashcardsNLCKnowledge.swift; sourceTree = "<group>"; };
		E0FA6152222CE90A009955BC /* WebsitesNLCKnowledge.swift */ = {isa = PBXFileReference; lastKnownFileType = sourcecode.swift; path = WebsitesNLCKnowledge.swift; sourceTree = "<group>"; };
		E0FA6154222CF084009955BC /* FlashcardsHistory.swift */ = {isa = PBXFileReference; lastKnownFileType = sourcecode.swift; path = FlashcardsHistory.swift; sourceTree = "<group>"; };
		E0FA6156222CF300009955BC /* WebsitesHistory.swift */ = {isa = PBXFileReference; lastKnownFileType = sourcecode.swift; path = WebsitesHistory.swift; sourceTree = "<group>"; };
		E0FA6158222D09C8009955BC /* Results2.swift */ = {isa = PBXFileReference; lastKnownFileType = sourcecode.swift; path = Results2.swift; sourceTree = "<group>"; };
/* End PBXFileReference section */

/* Begin PBXFrameworksBuildPhase section */
		E039AC61220179DD008A76BE /* Frameworks */ = {
			isa = PBXFrameworksBuildPhase;
			buildActionMask = 2147483647;
			files = (
				B17B6703B3FBA5780DC9C65A /* Pods_FBLA101.framework in Frameworks */,
			);
			runOnlyForDeploymentPostprocessing = 0;
		};
		E039AC78220179DF008A76BE /* Frameworks */ = {
			isa = PBXFrameworksBuildPhase;
			buildActionMask = 2147483647;
			files = (
			);
			runOnlyForDeploymentPostprocessing = 0;
		};
		E039AC83220179DF008A76BE /* Frameworks */ = {
			isa = PBXFrameworksBuildPhase;
			buildActionMask = 2147483647;
			files = (
			);
			runOnlyForDeploymentPostprocessing = 0;
		};
		E0FA35DD222B238600D61581 /* Frameworks */ = {
			isa = PBXFrameworksBuildPhase;
			buildActionMask = 2147483647;
			files = (
				E0FA35E2222B238600D61581 /* NotificationCenter.framework in Frameworks */,
			);
			runOnlyForDeploymentPostprocessing = 0;
		};
/* End PBXFrameworksBuildPhase section */

/* Begin PBXGroup section */
		01D966591CA97E1555437E36 /* Pods */ = {
			isa = PBXGroup;
			children = (
				3B308337F1EB5A8BF5B11BB0 /* Pods-FBLA101.debug.xcconfig */,
				B5DF78F493833BA28B72D791 /* Pods-FBLA101.release.xcconfig */,
			);
			path = Pods;
			sourceTree = "<group>";
		};
		2659AABCF2C3FE2FD9060167 /* Frameworks */ = {
			isa = PBXGroup;
			children = (
				E0FA35E1222B238600D61581 /* NotificationCenter.framework */,
				4CDA43AE80E28679479EED4E /* Pods_FBLA101.framework */,
			);
			name = Frameworks;
			sourceTree = "<group>";
		};
		E002E8CD22220B6B0004D98B /* Storyboards */ = {
			isa = PBXGroup;
			children = (
				E039AC73220179DF008A76BE /* LaunchScreen.storyboard */,
				E039AC6B220179DD008A76BE /* Main.storyboard */,
				E002E8CE22220BB60004D98B /* [S]Competitive Events.storyboard */,
				E0D4D6D522287B8D00B8EA3F /* [T]Competitive Events.storyboard */,
				E0FA612F222C07A7009955BC /* [T]NLC Knowledge.storyboard */,
				E0FA6138222C08C6009955BC /* [T]History.storyboard */,
				E0FA613A222C08E3009955BC /* [T]National Chapter.storyboard */,
				E0FA613C222C08FF009955BC /* [T]Business Skills.storyboard */,
				E0FA6146222C0B3C009955BC /* [S]NLC Knowledge.storyboard */,
				E0FA614A222C0B65009955BC /* [S]History.storyboard */,
				E0FA614C222C0B88009955BC /* [S]National Chapter.storyboard */,
				E0FA614E222C0B98009955BC /* [S]Business Skills.storyboard */,
			);
			path = Storyboards;
			sourceTree = "<group>";
		};
		E039AC5B220179DC008A76BE = {
			isa = PBXGroup;
			children = (
				E039AC66220179DD008A76BE /* FBLA101 */,
				E039AC7E220179DF008A76BE /* FBLAPrepTests */,
				E039AC89220179DF008A76BE /* FBLAPrepUITests */,
				E0FA35E3222B238600D61581 /* FBLA101 Widget */,
				E039AC65220179DD008A76BE /* Products */,
				E0A90B92221B8DE30079D883 /* fonts */,
				2659AABCF2C3FE2FD9060167 /* Frameworks */,
				01D966591CA97E1555437E36 /* Pods */,
			);
			sourceTree = "<group>";
		};
		E039AC65220179DD008A76BE /* Products */ = {
			isa = PBXGroup;
			children = (
				E039AC64220179DD008A76BE /* FBLA101.app */,
				E039AC7B220179DF008A76BE /* FBLA101Tests.xctest */,
				E039AC86220179DF008A76BE /* FBLA101UITests.xctest */,
				E0FA35E0222B238600D61581 /* FBLA101 Widget.appex */,
			);
			name = Products;
			sourceTree = "<group>";
		};
		E039AC66220179DD008A76BE /* FBLA101 */ = {
			isa = PBXGroup;
			children = (
				E039AC71220179DF008A76BE /* Assets.xcassets */,
				E002E8CD22220B6B0004D98B /* Storyboards */,
				E0FA6120222BE51C009955BC /* Login+Signup */,
				E0FA6125222BE71E009955BC /* Tests */,
				E0FA6126222BE72B009955BC /* Flashcards */,
				E0FA6124222BE6C5009955BC /* Websites */,
				E0FA6128222BE82C009955BC /* Stats+Settings */,
				E0FA6121222BE560009955BC /* Design+Animations */,
				E0FA6127222BE75A009955BC /* Other */,
				E039AC76220179DF008A76BE /* Info.plist */,
				E039AC6E220179DD008A76BE /* FBLAPrep.xcdatamodeld */,
				E0FA35F1222B725C00D61581 /* GoogleService-Info.plist */,
			);
			path = FBLA101;
			sourceTree = "<group>";
		};
		E039AC7E220179DF008A76BE /* FBLAPrepTests */ = {
			isa = PBXGroup;
			children = (
				E039AC7F220179DF008A76BE /* FBLAPrepTests.swift */,
				E039AC81220179DF008A76BE /* Info.plist */,
			);
			path = FBLAPrepTests;
			sourceTree = "<group>";
		};
		E039AC89220179DF008A76BE /* FBLAPrepUITests */ = {
			isa = PBXGroup;
			children = (
				E039AC8A220179DF008A76BE /* FBLAPrepUITests.swift */,
				E039AC8C220179DF008A76BE /* Info.plist */,
			);
			path = FBLAPrepUITests;
			sourceTree = "<group>";
		};
		E0A90B92221B8DE30079D883 /* fonts */ = {
			isa = PBXGroup;
			children = (
				E0A90B93221B8E060079D883 /* BigBlackBear.ttf */,
			);
			path = fonts;
			sourceTree = "<group>";
		};
		E0FA35E3222B238600D61581 /* FBLA101 Widget */ = {
			isa = PBXGroup;
			children = (
				E0FA35E4222B238600D61581 /* TodayViewController.swift */,
				E0FA35E6222B238600D61581 /* MainInterface.storyboard */,
				E0FA35E9222B238600D61581 /* Info.plist */,
			);
			path = "FBLA101 Widget";
			sourceTree = "<group>";
		};
		E0FA6120222BE51C009955BC /* Login+Signup */ = {
			isa = PBXGroup;
			children = (
				E094CD4F222B7892008D23CE /* loginViewController.swift */,
				E094CD51222B8AA9008D23CE /* signUpViewController.swift */,
			);
			path = "Login+Signup";
			sourceTree = "<group>";
		};
		E0FA6121222BE560009955BC /* Design+Animations */ = {
			isa = PBXGroup;
			children = (
				E0A90B8C221B79670079D883 /* ButtonAnimations.swift */,
				E0D4D6D3222862BC00B8EA3F /* AnimatedTabBar.swift */,
				E0A90B8E221B7E8A0079D883 /* ApplyShadows.swift */,
			);
			path = "Design+Animations";
			sourceTree = "<group>";
		};
		E0FA6124222BE6C5009955BC /* Websites */ = {
			isa = PBXGroup;
			children = (
				E002E8D022262FB90004D98B /* WebsitesCompetitiveEvents.swift */,
				E0FA6152222CE90A009955BC /* WebsitesNLCKnowledge.swift */,
				E0FA6156222CF300009955BC /* WebsitesHistory.swift */,
				E0D57F6C222D12BB0073EB2E /* WebsitesNationalChapter.swift */,
				E080D20D222D22CE006ADBAA /* WebsitesBusinessSkills.swift */,
			);
			path = Websites;
			sourceTree = "<group>";
		};
		E0FA6125222BE71E009955BC /* Tests */ = {
			isa = PBXGroup;
			children = (
				E0FA35D62229CE1700D61581 /* Results.swift */,
				E0D4D6D92228B57B00B8EA3F /* TestCompetitiveEvents.swift */,
				E0FA6129222BF83B009955BC /* TestSelection.swift */,
				E0FA612D222BFEAC009955BC /* TestBusinessSkills.swift */,
				E0FA6131222C07DD009955BC /* TestNLCKnowledge.swift */,
				E0FA613E222C09AB009955BC /* TestHistory.swift */,
				E0FA6140222C09C4009955BC /* TestNationalChapter.swift */,
				E0FA6158222D09C8009955BC /* Results2.swift */,
			);
			path = Tests;
			sourceTree = "<group>";
		};
		E0FA6126222BE72B009955BC /* Flashcards */ = {
			isa = PBXGroup;
			children = (
				E002E8D2222651A50004D98B /* FlashcardsCompetitiveEvents.swift */,
				E0FA6150222CE849009955BC /* FlashcardsNLCKnowledge.swift */,
				E0FA6154222CF084009955BC /* FlashcardsHistory.swift */,
				E0D57F6A222D10E80073EB2E /* FlashcardsNationalChapter.swift */,
				E080D20B222D2036006ADBAA /* FlashcardsBusinessSkills.swift */,
			);
			path = Flashcards;
			sourceTree = "<group>";
		};
		E0FA6127222BE75A009955BC /* Other */ = {
			isa = PBXGroup;
			children = (
				E039AC67220179DD008A76BE /* AppDelegate.swift */,
				E0D4D6DB2228FF6700B8EA3F /* GlobalVariables.swift */,
			);
			path = Other;
			sourceTree = "<group>";
		};
		E0FA6128222BE82C009955BC /* Stats+Settings */ = {
			isa = PBXGroup;
			children = (
				E0D4D6D12227BD1100B8EA3F /* StatisticsViewController.swift */,
				E0FA35D8222A641F00D61581 /* SettingsViewController.swift */,
			);
			path = "Stats+Settings";
			sourceTree = "<group>";
		};
/* End PBXGroup section */

/* Begin PBXNativeTarget section */
		E039AC63220179DD008A76BE /* FBLA101 */ = {
			isa = PBXNativeTarget;
			buildConfigurationList = E039AC8F220179DF008A76BE /* Build configuration list for PBXNativeTarget "FBLA101" */;
			buildPhases = (
				39B58B6D2DF79320686DFB2E /* [CP] Check Pods Manifest.lock */,
				E039AC60220179DD008A76BE /* Sources */,
				E039AC61220179DD008A76BE /* Frameworks */,
				E039AC62220179DD008A76BE /* Resources */,
				4EB4AA13D160B6CCB06E258F /* [CP] Embed Pods Frameworks */,
				E0FA35F0222B238600D61581 /* Embed App Extensions */,
			);
			buildRules = (
			);
			dependencies = (
				E0FA35EB222B238600D61581 /* PBXTargetDependency */,
			);
			name = FBLA101;
			productName = FBLAPrep;
			productReference = E039AC64220179DD008A76BE /* FBLA101.app */;
			productType = "com.apple.product-type.application";
		};
		E039AC7A220179DF008A76BE /* FBLA101Tests */ = {
			isa = PBXNativeTarget;
			buildConfigurationList = E039AC92220179DF008A76BE /* Build configuration list for PBXNativeTarget "FBLA101Tests" */;
			buildPhases = (
				E039AC77220179DF008A76BE /* Sources */,
				E039AC78220179DF008A76BE /* Frameworks */,
				E039AC79220179DF008A76BE /* Resources */,
			);
			buildRules = (
			);
			dependencies = (
				E039AC7D220179DF008A76BE /* PBXTargetDependency */,
			);
			name = FBLA101Tests;
			productName = FBLAPrepTests;
			productReference = E039AC7B220179DF008A76BE /* FBLA101Tests.xctest */;
			productType = "com.apple.product-type.bundle.unit-test";
		};
		E039AC85220179DF008A76BE /* FBLA101UITests */ = {
			isa = PBXNativeTarget;
			buildConfigurationList = E039AC95220179DF008A76BE /* Build configuration list for PBXNativeTarget "FBLA101UITests" */;
			buildPhases = (
				E039AC82220179DF008A76BE /* Sources */,
				E039AC83220179DF008A76BE /* Frameworks */,
				E039AC84220179DF008A76BE /* Resources */,
			);
			buildRules = (
			);
			dependencies = (
				E039AC88220179DF008A76BE /* PBXTargetDependency */,
			);
			name = FBLA101UITests;
			productName = FBLAPrepUITests;
			productReference = E039AC86220179DF008A76BE /* FBLA101UITests.xctest */;
			productType = "com.apple.product-type.bundle.ui-testing";
		};
		E0FA35DF222B238600D61581 /* FBLA101 Widget */ = {
			isa = PBXNativeTarget;
			buildConfigurationList = E0FA35ED222B238600D61581 /* Build configuration list for PBXNativeTarget "FBLA101 Widget" */;
			buildPhases = (
				E0FA35DC222B238600D61581 /* Sources */,
				E0FA35DD222B238600D61581 /* Frameworks */,
				E0FA35DE222B238600D61581 /* Resources */,
			);
			buildRules = (
			);
			dependencies = (
			);
			name = "FBLA101 Widget";
			productName = "FBLA101 Widget";
			productReference = E0FA35E0222B238600D61581 /* FBLA101 Widget.appex */;
			productType = "com.apple.product-type.app-extension";
		};
/* End PBXNativeTarget section */

/* Begin PBXProject section */
		E039AC5C220179DC008A76BE /* Project object */ = {
			isa = PBXProject;
			attributes = {
				LastSwiftUpdateCheck = 1010;
				LastUpgradeCheck = 1010;
				ORGANIZATIONNAME = "Gonzalo Birrueta";
				TargetAttributes = {
					E039AC63220179DD008A76BE = {
						CreatedOnToolsVersion = 10.1;
					};
					E039AC7A220179DF008A76BE = {
						CreatedOnToolsVersion = 10.1;
						TestTargetID = E039AC63220179DD008A76BE;
					};
					E039AC85220179DF008A76BE = {
						CreatedOnToolsVersion = 10.1;
						TestTargetID = E039AC63220179DD008A76BE;
					};
					E0FA35DF222B238600D61581 = {
						CreatedOnToolsVersion = 10.1;
					};
				};
			};
			buildConfigurationList = E039AC5F220179DC008A76BE /* Build configuration list for PBXProject "FBLA101" */;
			compatibilityVersion = "Xcode 9.3";
			developmentRegion = en;
			hasScannedForEncodings = 0;
			knownRegions = (
				en,
				Base,
			);
			mainGroup = E039AC5B220179DC008A76BE;
			productRefGroup = E039AC65220179DD008A76BE /* Products */;
			projectDirPath = "";
			projectRoot = "";
			targets = (
				E039AC63220179DD008A76BE /* FBLA101 */,
				E039AC7A220179DF008A76BE /* FBLA101Tests */,
				E039AC85220179DF008A76BE /* FBLA101UITests */,
				E0FA35DF222B238600D61581 /* FBLA101 Widget */,
			);
		};
/* End PBXProject section */

/* Begin PBXResourcesBuildPhase section */
		E039AC62220179DD008A76BE /* Resources */ = {
			isa = PBXResourcesBuildPhase;
			buildActionMask = 2147483647;
			files = (
				E0FA614B222C0B65009955BC /* [S]History.storyboard in Resources */,
				E039AC75220179DF008A76BE /* LaunchScreen.storyboard in Resources */,
				E002E8CF22220BB60004D98B /* [S]Competitive Events.storyboard in Resources */,
				E039AC72220179DF008A76BE /* Assets.xcassets in Resources */,
				E039AC6D220179DD008A76BE /* Main.storyboard in Resources */,
				E0D4D6D622287B8D00B8EA3F /* [T]Competitive Events.storyboard in Resources */,
				E0FA613D222C08FF009955BC /* [T]Business Skills.storyboard in Resources */,
				E0FA6130222C07A7009955BC /* [T]NLC Knowledge.storyboard in Resources */,
				E0FA6147222C0B3C009955BC /* [S]NLC Knowledge.storyboard in Resources */,
				E0A90B94221B8E090079D883 /* BigBlackBear.ttf in Resources */,
				E0FA6139222C08C6009955BC /* [T]History.storyboard in Resources */,
				E0FA613B222C08E3009955BC /* [T]National Chapter.storyboard in Resources */,
				E0FA614F222C0B98009955BC /* [S]Business Skills.storyboard in Resources */,
				E0FA35F2222B725C00D61581 /* GoogleService-Info.plist in Resources */,
				E0FA614D222C0B88009955BC /* [S]National Chapter.storyboard in Resources */,
			);
			runOnlyForDeploymentPostprocessing = 0;
		};
		E039AC79220179DF008A76BE /* Resources */ = {
			isa = PBXResourcesBuildPhase;
			buildActionMask = 2147483647;
			files = (
				E0FA35F3222B725D00D61581 /* GoogleService-Info.plist in Resources */,
			);
			runOnlyForDeploymentPostprocessing = 0;
		};
		E039AC84220179DF008A76BE /* Resources */ = {
			isa = PBXResourcesBuildPhase;
			buildActionMask = 2147483647;
			files = (
				E0FA35F4222B725D00D61581 /* GoogleService-Info.plist in Resources */,
			);
			runOnlyForDeploymentPostprocessing = 0;
		};
		E0FA35DE222B238600D61581 /* Resources */ = {
			isa = PBXResourcesBuildPhase;
			buildActionMask = 2147483647;
			files = (
				E0FA35E8222B238600D61581 /* MainInterface.storyboard in Resources */,
				E0FA35F5222B725D00D61581 /* GoogleService-Info.plist in Resources */,
			);
			runOnlyForDeploymentPostprocessing = 0;
		};
/* End PBXResourcesBuildPhase section */

/* Begin PBXShellScriptBuildPhase section */
		39B58B6D2DF79320686DFB2E /* [CP] Check Pods Manifest.lock */ = {
			isa = PBXShellScriptBuildPhase;
			buildActionMask = 2147483647;
			files = (
			);
			inputFileListPaths = (
			);
			inputPaths = (
				"${PODS_PODFILE_DIR_PATH}/Podfile.lock",
				"${PODS_ROOT}/Manifest.lock",
			);
			name = "[CP] Check Pods Manifest.lock";
			outputFileListPaths = (
			);
			outputPaths = (
				"$(DERIVED_FILE_DIR)/Pods-FBLA101-checkManifestLockResult.txt",
			);
			runOnlyForDeploymentPostprocessing = 0;
			shellPath = /bin/sh;
			shellScript = "diff \"${PODS_PODFILE_DIR_PATH}/Podfile.lock\" \"${PODS_ROOT}/Manifest.lock\" > /dev/null\nif [ $? != 0 ] ; then\n    # print error to STDERR\n    echo \"error: The sandbox is not in sync with the Podfile.lock. Run 'pod install' or update your CocoaPods installation.\" >&2\n    exit 1\nfi\n# This output is used by Xcode 'outputs' to avoid re-running this script phase.\necho \"SUCCESS\" > \"${SCRIPT_OUTPUT_FILE_0}\"\n";
			showEnvVarsInLog = 0;
		};
		4EB4AA13D160B6CCB06E258F /* [CP] Embed Pods Frameworks */ = {
			isa = PBXShellScriptBuildPhase;
			buildActionMask = 2147483647;
			files = (
			);
			inputFileListPaths = (
			);
			inputPaths = (
				"${PODS_ROOT}/Target Support Files/Pods-FBLA101/Pods-FBLA101-frameworks.sh",
				"${BUILT_PRODUCTS_DIR}/GTMSessionFetcher/GTMSessionFetcher.framework",
				"${BUILT_PRODUCTS_DIR}/GoogleUtilities/GoogleUtilities.framework",
				"${BUILT_PRODUCTS_DIR}/nanopb/nanopb.framework",
			);
			name = "[CP] Embed Pods Frameworks";
			outputFileListPaths = (
			);
			outputPaths = (
				"${TARGET_BUILD_DIR}/${FRAMEWORKS_FOLDER_PATH}/GTMSessionFetcher.framework",
				"${TARGET_BUILD_DIR}/${FRAMEWORKS_FOLDER_PATH}/GoogleUtilities.framework",
				"${TARGET_BUILD_DIR}/${FRAMEWORKS_FOLDER_PATH}/nanopb.framework",
			);
			runOnlyForDeploymentPostprocessing = 0;
			shellPath = /bin/sh;
			shellScript = "\"${PODS_ROOT}/Target Support Files/Pods-FBLA101/Pods-FBLA101-frameworks.sh\"\n";
			showEnvVarsInLog = 0;
		};
/* End PBXShellScriptBuildPhase section */

/* Begin PBXSourcesBuildPhase section */
		E039AC60220179DD008A76BE /* Sources */ = {
			isa = PBXSourcesBuildPhase;
			buildActionMask = 2147483647;
			files = (
				E0FA6153222CE90A009955BC /* WebsitesNLCKnowledge.swift in Sources */,
				E0A90B8D221B79680079D883 /* ButtonAnimations.swift in Sources */,
				E0D4D6D4222862BC00B8EA3F /* AnimatedTabBar.swift in Sources */,
				E0D4D6D22227BD1100B8EA3F /* StatisticsViewController.swift in Sources */,
				E002E8D3222651A50004D98B /* FlashcardsCompetitiveEvents.swift in Sources */,
				E0FA612E222BFEAC009955BC /* TestBusinessSkills.swift in Sources */,
				E0A90B8F221B7E8A0079D883 /* ApplyShadows.swift in Sources */,
				E0D4D6DA2228B57B00B8EA3F /* TestCompetitiveEvents.swift in Sources */,
				E0FA6141222C09C4009955BC /* TestNationalChapter.swift in Sources */,
				E0FA6159222D09C8009955BC /* Results2.swift in Sources */,
				E080D20C222D2036006ADBAA /* FlashcardsBusinessSkills.swift in Sources */,
				E094CD52222B8AA9008D23CE /* signUpViewController.swift in Sources */,
				E0FA612A222BF83B009955BC /* TestSelection.swift in Sources */,
				E0FA6157222CF300009955BC /* WebsitesHistory.swift in Sources */,
				E0D57F6D222D12BB0073EB2E /* WebsitesNationalChapter.swift in Sources */,
				E080D20E222D22CE006ADBAA /* WebsitesBusinessSkills.swift in Sources */,
				E0D4D6DC2228FF6700B8EA3F /* GlobalVariables.swift in Sources */,
				E0FA613F222C09AB009955BC /* TestHistory.swift in Sources */,
				E002E8D122262FB90004D98B /* WebsitesCompetitiveEvents.swift in Sources */,
				E0D57F6B222D10E80073EB2E /* FlashcardsNationalChapter.swift in Sources */,
				E0FA6132222C07DD009955BC /* TestNLCKnowledge.swift in Sources */,
				E0FA6155222CF084009955BC /* FlashcardsHistory.swift in Sources */,
				E039AC68220179DD008A76BE /* AppDelegate.swift in Sources */,
				E094CD50222B7892008D23CE /* loginViewController.swift in Sources */,
				E0FA35D72229CE1700D61581 /* Results.swift in Sources */,
				E039AC70220179DD008A76BE /* FBLAPrep.xcdatamodeld in Sources */,
				E0FA35D9222A642000D61581 /* SettingsViewController.swift in Sources */,
				E0FA6151222CE849009955BC /* FlashcardsNLCKnowledge.swift in Sources */,
			);
			runOnlyForDeploymentPostprocessing = 0;
		};
		E039AC77220179DF008A76BE /* Sources */ = {
			isa = PBXSourcesBuildPhase;
			buildActionMask = 2147483647;
			files = (
				E039AC80220179DF008A76BE /* FBLAPrepTests.swift in Sources */,
			);
			runOnlyForDeploymentPostprocessing = 0;
		};
		E039AC82220179DF008A76BE /* Sources */ = {
			isa = PBXSourcesBuildPhase;
			buildActionMask = 2147483647;
			files = (
				E039AC8B220179DF008A76BE /* FBLAPrepUITests.swift in Sources */,
			);
			runOnlyForDeploymentPostprocessing = 0;
		};
		E0FA35DC222B238600D61581 /* Sources */ = {
			isa = PBXSourcesBuildPhase;
			buildActionMask = 2147483647;
			files = (
				E0FA35E5222B238600D61581 /* TodayViewController.swift in Sources */,
			);
			runOnlyForDeploymentPostprocessing = 0;
		};
/* End PBXSourcesBuildPhase section */

/* Begin PBXTargetDependency section */
		E039AC7D220179DF008A76BE /* PBXTargetDependency */ = {
			isa = PBXTargetDependency;
			target = E039AC63220179DD008A76BE /* FBLA101 */;
			targetProxy = E039AC7C220179DF008A76BE /* PBXContainerItemProxy */;
		};
		E039AC88220179DF008A76BE /* PBXTargetDependency */ = {
			isa = PBXTargetDependency;
			target = E039AC63220179DD008A76BE /* FBLA101 */;
			targetProxy = E039AC87220179DF008A76BE /* PBXContainerItemProxy */;
		};
		E0FA35EB222B238600D61581 /* PBXTargetDependency */ = {
			isa = PBXTargetDependency;
			target = E0FA35DF222B238600D61581 /* FBLA101 Widget */;
			targetProxy = E0FA35EA222B238600D61581 /* PBXContainerItemProxy */;
		};
/* End PBXTargetDependency section */

/* Begin PBXVariantGroup section */
		E039AC6B220179DD008A76BE /* Main.storyboard */ = {
			isa = PBXVariantGroup;
			children = (
				E039AC6C220179DD008A76BE /* Base */,
			);
			name = Main.storyboard;
			sourceTree = "<group>";
		};
		E039AC73220179DF008A76BE /* LaunchScreen.storyboard */ = {
			isa = PBXVariantGroup;
			children = (
				E039AC74220179DF008A76BE /* Base */,
			);
			name = LaunchScreen.storyboard;
			sourceTree = "<group>";
		};
		E0FA35E6222B238600D61581 /* MainInterface.storyboard */ = {
			isa = PBXVariantGroup;
			children = (
				E0FA35E7222B238600D61581 /* Base */,
			);
			name = MainInterface.storyboard;
			sourceTree = "<group>";
		};
/* End PBXVariantGroup section */

/* Begin XCBuildConfiguration section */
		E039AC8D220179DF008A76BE /* Debug */ = {
			isa = XCBuildConfiguration;
			buildSettings = {
				ALWAYS_SEARCH_USER_PATHS = NO;
				CLANG_ANALYZER_NONNULL = YES;
				CLANG_ANALYZER_NUMBER_OBJECT_CONVERSION = YES_AGGRESSIVE;
				CLANG_CXX_LANGUAGE_STANDARD = "gnu++14";
				CLANG_CXX_LIBRARY = "libc++";
				CLANG_ENABLE_MODULES = YES;
				CLANG_ENABLE_OBJC_ARC = YES;
				CLANG_ENABLE_OBJC_WEAK = YES;
				CLANG_WARN_BLOCK_CAPTURE_AUTORELEASING = YES;
				CLANG_WARN_BOOL_CONVERSION = YES;
				CLANG_WARN_COMMA = YES;
				CLANG_WARN_CONSTANT_CONVERSION = YES;
				CLANG_WARN_DEPRECATED_OBJC_IMPLEMENTATIONS = YES;
				CLANG_WARN_DIRECT_OBJC_ISA_USAGE = YES_ERROR;
				CLANG_WARN_DOCUMENTATION_COMMENTS = YES;
				CLANG_WARN_EMPTY_BODY = YES;
				CLANG_WARN_ENUM_CONVERSION = YES;
				CLANG_WARN_INFINITE_RECURSION = YES;
				CLANG_WARN_INT_CONVERSION = YES;
				CLANG_WARN_NON_LITERAL_NULL_CONVERSION = YES;
				CLANG_WARN_OBJC_IMPLICIT_RETAIN_SELF = YES;
				CLANG_WARN_OBJC_LITERAL_CONVERSION = YES;
				CLANG_WARN_OBJC_ROOT_CLASS = YES_ERROR;
				CLANG_WARN_RANGE_LOOP_ANALYSIS = YES;
				CLANG_WARN_STRICT_PROTOTYPES = YES;
				CLANG_WARN_SUSPICIOUS_MOVE = YES;
				CLANG_WARN_UNGUARDED_AVAILABILITY = YES_AGGRESSIVE;
				CLANG_WARN_UNREACHABLE_CODE = YES;
				CLANG_WARN__DUPLICATE_METHOD_MATCH = YES;
				CODE_SIGN_IDENTITY = "iPhone Developer";
				COPY_PHASE_STRIP = NO;
				DEBUG_INFORMATION_FORMAT = dwarf;
				ENABLE_STRICT_OBJC_MSGSEND = YES;
				ENABLE_TESTABILITY = YES;
				GCC_C_LANGUAGE_STANDARD = gnu11;
				GCC_DYNAMIC_NO_PIC = NO;
				GCC_NO_COMMON_BLOCKS = YES;
				GCC_OPTIMIZATION_LEVEL = 0;
				GCC_PREPROCESSOR_DEFINITIONS = (
					"DEBUG=1",
					"$(inherited)",
				);
				GCC_WARN_64_TO_32_BIT_CONVERSION = YES;
				GCC_WARN_ABOUT_RETURN_TYPE = YES_ERROR;
				GCC_WARN_UNDECLARED_SELECTOR = YES;
				GCC_WARN_UNINITIALIZED_AUTOS = YES_AGGRESSIVE;
				GCC_WARN_UNUSED_FUNCTION = YES;
				GCC_WARN_UNUSED_VARIABLE = YES;
				IPHONEOS_DEPLOYMENT_TARGET = 12.1;
				MTL_ENABLE_DEBUG_INFO = INCLUDE_SOURCE;
				MTL_FAST_MATH = YES;
				ONLY_ACTIVE_ARCH = YES;
				SDKROOT = iphoneos;
				SWIFT_ACTIVE_COMPILATION_CONDITIONS = DEBUG;
				SWIFT_OPTIMIZATION_LEVEL = "-Onone";
			};
			name = Debug;
		};
		E039AC8E220179DF008A76BE /* Release */ = {
			isa = XCBuildConfiguration;
			buildSettings = {
				ALWAYS_SEARCH_USER_PATHS = NO;
				CLANG_ANALYZER_NONNULL = YES;
				CLANG_ANALYZER_NUMBER_OBJECT_CONVERSION = YES_AGGRESSIVE;
				CLANG_CXX_LANGUAGE_STANDARD = "gnu++14";
				CLANG_CXX_LIBRARY = "libc++";
				CLANG_ENABLE_MODULES = YES;
				CLANG_ENABLE_OBJC_ARC = YES;
				CLANG_ENABLE_OBJC_WEAK = YES;
				CLANG_WARN_BLOCK_CAPTURE_AUTORELEASING = YES;
				CLANG_WARN_BOOL_CONVERSION = YES;
				CLANG_WARN_COMMA = YES;
				CLANG_WARN_CONSTANT_CONVERSION = YES;
				CLANG_WARN_DEPRECATED_OBJC_IMPLEMENTATIONS = YES;
				CLANG_WARN_DIRECT_OBJC_ISA_USAGE = YES_ERROR;
				CLANG_WARN_DOCUMENTATION_COMMENTS = YES;
				CLANG_WARN_EMPTY_BODY = YES;
				CLANG_WARN_ENUM_CONVERSION = YES;
				CLANG_WARN_INFINITE_RECURSION = YES;
				CLANG_WARN_INT_CONVERSION = YES;
				CLANG_WARN_NON_LITERAL_NULL_CONVERSION = YES;
				CLANG_WARN_OBJC_IMPLICIT_RETAIN_SELF = YES;
				CLANG_WARN_OBJC_LITERAL_CONVERSION = YES;
				CLANG_WARN_OBJC_ROOT_CLASS = YES_ERROR;
				CLANG_WARN_RANGE_LOOP_ANALYSIS = YES;
				CLANG_WARN_STRICT_PROTOTYPES = YES;
				CLANG_WARN_SUSPICIOUS_MOVE = YES;
				CLANG_WARN_UNGUARDED_AVAILABILITY = YES_AGGRESSIVE;
				CLANG_WARN_UNREACHABLE_CODE = YES;
				CLANG_WARN__DUPLICATE_METHOD_MATCH = YES;
				CODE_SIGN_IDENTITY = "iPhone Developer";
				COPY_PHASE_STRIP = NO;
				DEBUG_INFORMATION_FORMAT = "dwarf-with-dsym";
				ENABLE_NS_ASSERTIONS = NO;
				ENABLE_STRICT_OBJC_MSGSEND = YES;
				GCC_C_LANGUAGE_STANDARD = gnu11;
				GCC_NO_COMMON_BLOCKS = YES;
				GCC_WARN_64_TO_32_BIT_CONVERSION = YES;
				GCC_WARN_ABOUT_RETURN_TYPE = YES_ERROR;
				GCC_WARN_UNDECLARED_SELECTOR = YES;
				GCC_WARN_UNINITIALIZED_AUTOS = YES_AGGRESSIVE;
				GCC_WARN_UNUSED_FUNCTION = YES;
				GCC_WARN_UNUSED_VARIABLE = YES;
				IPHONEOS_DEPLOYMENT_TARGET = 12.1;
				MTL_ENABLE_DEBUG_INFO = NO;
				MTL_FAST_MATH = YES;
				SDKROOT = iphoneos;
				SWIFT_COMPILATION_MODE = wholemodule;
				SWIFT_OPTIMIZATION_LEVEL = "-O";
				VALIDATE_PRODUCT = YES;
			};
			name = Release;
		};
		E039AC90220179DF008A76BE /* Debug */ = {
			isa = XCBuildConfiguration;
			baseConfigurationReference = 3B308337F1EB5A8BF5B11BB0 /* Pods-FBLA101.debug.xcconfig */;
			buildSettings = {
				ALWAYS_EMBED_SWIFT_STANDARD_LIBRARIES = YES;
				ASSETCATALOG_COMPILER_APPICON_NAME = AppIcon;
				CODE_SIGN_IDENTITY = "iPhone Developer";
				CODE_SIGN_STYLE = Automatic;
				DEVELOPMENT_TEAM = 5279V8AMRR;
				ENABLE_BITCODE = NO;
				INFOPLIST_FILE = "$(SRCROOT)/FBLA101/Info.plist";
				LD_RUNPATH_SEARCH_PATHS = (
					"$(inherited)",
					"@executable_path/Frameworks",
				);
				ONLY_ACTIVE_ARCH = NO;
				PRODUCT_BUNDLE_IDENTIFIER = com.GonzaloBirrueta.FBLA101;
				PRODUCT_NAME = "$(TARGET_NAME)";
				PROVISIONING_PROFILE_SPECIFIER = "";
				SWIFT_REFLECTION_METADATA_LEVEL = none;
				SWIFT_VERSION = 4.2;
				TARGETED_DEVICE_FAMILY = "1,2";
			};
			name = Debug;
		};
		E039AC91220179DF008A76BE /* Release */ = {
			isa = XCBuildConfiguration;
			baseConfigurationReference = B5DF78F493833BA28B72D791 /* Pods-FBLA101.release.xcconfig */;
			buildSettings = {
				ALWAYS_EMBED_SWIFT_STANDARD_LIBRARIES = YES;
				ASSETCATALOG_COMPILER_APPICON_NAME = AppIcon;
				CODE_SIGN_IDENTITY = "iPhone Developer";
				CODE_SIGN_STYLE = Automatic;
				DEVELOPMENT_TEAM = 5279V8AMRR;
				ENABLE_BITCODE = NO;
				INFOPLIST_FILE = "$(SRCROOT)/FBLA101/Info.plist";
				LD_RUNPATH_SEARCH_PATHS = (
					"$(inherited)",
					"@executable_path/Frameworks",
				);
				ONLY_ACTIVE_ARCH = NO;
				PRODUCT_BUNDLE_IDENTIFIER = com.GonzaloBirrueta.FBLA101;
				PRODUCT_NAME = "$(TARGET_NAME)";
				PROVISIONING_PROFILE_SPECIFIER = "";
				SWIFT_REFLECTION_METADATA_LEVEL = none;
				SWIFT_VERSION = 4.2;
				TARGETED_DEVICE_FAMILY = "1,2";
			};
			name = Release;
		};
		E039AC93220179DF008A76BE /* Debug */ = {
			isa = XCBuildConfiguration;
			buildSettings = {
				ALWAYS_EMBED_SWIFT_STANDARD_LIBRARIES = YES;
				BUNDLE_LOADER = "$(TEST_HOST)";
				CODE_SIGN_STYLE = Automatic;
				DEVELOPMENT_TEAM = 5279V8AMRR;
				INFOPLIST_FILE = FBLAPrepTests/Info.plist;
				LD_RUNPATH_SEARCH_PATHS = (
					"$(inherited)",
					"@executable_path/Frameworks",
					"@loader_path/Frameworks",
				);
				PRODUCT_BUNDLE_IDENTIFIER = com.GonzaloBirrueta.FBLAPrepTests;
				PRODUCT_NAME = "$(TARGET_NAME)";
				SWIFT_VERSION = 4.2;
				TARGETED_DEVICE_FAMILY = "1,2";
				TEST_HOST = "$(BUILT_PRODUCTS_DIR)/FBLA101.app/FBLA101";
			};
			name = Debug;
		};
		E039AC94220179DF008A76BE /* Release */ = {
			isa = XCBuildConfiguration;
			buildSettings = {
				ALWAYS_EMBED_SWIFT_STANDARD_LIBRARIES = YES;
				BUNDLE_LOADER = "$(TEST_HOST)";
				CODE_SIGN_STYLE = Automatic;
				DEVELOPMENT_TEAM = 5279V8AMRR;
				INFOPLIST_FILE = FBLAPrepTests/Info.plist;
				LD_RUNPATH_SEARCH_PATHS = (
					"$(inherited)",
					"@executable_path/Frameworks",
					"@loader_path/Frameworks",
				);
				PRODUCT_BUNDLE_IDENTIFIER = com.GonzaloBirrueta.FBLAPrepTests;
				PRODUCT_NAME = "$(TARGET_NAME)";
				SWIFT_VERSION = 4.2;
				TARGETED_DEVICE_FAMILY = "1,2";
				TEST_HOST = "$(BUILT_PRODUCTS_DIR)/FBLA101.app/FBLA101";
			};
			name = Release;
		};
		E039AC96220179DF008A76BE /* Debug */ = {
			isa = XCBuildConfiguration;
			buildSettings = {
				ALWAYS_EMBED_SWIFT_STANDARD_LIBRARIES = YES;
				CODE_SIGN_STYLE = Automatic;
				DEVELOPMENT_TEAM = 5279V8AMRR;
				INFOPLIST_FILE = FBLAPrepUITests/Info.plist;
				LD_RUNPATH_SEARCH_PATHS = (
					"$(inherited)",
					"@executable_path/Frameworks",
					"@loader_path/Frameworks",
				);
				PRODUCT_BUNDLE_IDENTIFIER = com.GonzaloBirrueta.FBLAPrepUITests;
				PRODUCT_NAME = "$(TARGET_NAME)";
				SWIFT_VERSION = 4.2;
				TARGETED_DEVICE_FAMILY = "1,2";
				TEST_TARGET_NAME = FBLAPrep;
			};
			name = Debug;
		};
		E039AC97220179DF008A76BE /* Release */ = {
			isa = XCBuildConfiguration;
			buildSettings = {
				ALWAYS_EMBED_SWIFT_STANDARD_LIBRARIES = YES;
				CODE_SIGN_STYLE = Automatic;
				DEVELOPMENT_TEAM = 5279V8AMRR;
				INFOPLIST_FILE = FBLAPrepUITests/Info.plist;
				LD_RUNPATH_SEARCH_PATHS = (
					"$(inherited)",
					"@executable_path/Frameworks",
					"@loader_path/Frameworks",
				);
				PRODUCT_BUNDLE_IDENTIFIER = com.GonzaloBirrueta.FBLAPrepUITests;
				PRODUCT_NAME = "$(TARGET_NAME)";
				SWIFT_VERSION = 4.2;
				TARGETED_DEVICE_FAMILY = "1,2";
				TEST_TARGET_NAME = FBLAPrep;
			};
			name = Release;
		};
		E0FA35EE222B238600D61581 /* Debug */ = {
			isa = XCBuildConfiguration;
			buildSettings = {
				CODE_SIGN_IDENTITY = "iPhone Developer";
				CODE_SIGN_STYLE = Automatic;
				DEVELOPMENT_TEAM = 5279V8AMRR;
				INFOPLIST_FILE = "FBLA101 Widget/Info.plist";
				LD_RUNPATH_SEARCH_PATHS = (
					"$(inherited)",
					"@executable_path/Frameworks",
					"@executable_path/../../Frameworks",
				);
				PRODUCT_BUNDLE_IDENTIFIER = "com.GonzaloBirrueta.FBLA101.FBLA101-Widget";
				PRODUCT_NAME = "$(TARGET_NAME)";
				SKIP_INSTALL = YES;
				SWIFT_VERSION = 4.2;
				TARGETED_DEVICE_FAMILY = "1,2";
			};
			name = Debug;
		};
		E0FA35EF222B238600D61581 /* Release */ = {
			isa = XCBuildConfiguration;
			buildSettings = {
				CODE_SIGN_IDENTITY = "iPhone Developer";
				CODE_SIGN_STYLE = Automatic;
				DEVELOPMENT_TEAM = 5279V8AMRR;
				INFOPLIST_FILE = "FBLA101 Widget/Info.plist";
				LD_RUNPATH_SEARCH_PATHS = (
					"$(inherited)",
					"@executable_path/Frameworks",
					"@executable_path/../../Frameworks",
				);
				PRODUCT_BUNDLE_IDENTIFIER = "com.GonzaloBirrueta.FBLA101.FBLA101-Widget";
				PRODUCT_NAME = "$(TARGET_NAME)";
				SKIP_INSTALL = YES;
				SWIFT_VERSION = 4.2;
				TARGETED_DEVICE_FAMILY = "1,2";
			};
			name = Release;
		};
/* End XCBuildConfiguration section */

/* Begin XCConfigurationList section */
		E039AC5F220179DC008A76BE /* Build configuration list for PBXProject "FBLA101" */ = {
			isa = XCConfigurationList;
			buildConfigurations = (
				E039AC8D220179DF008A76BE /* Debug */,
				E039AC8E220179DF008A76BE /* Release */,
			);
			defaultConfigurationIsVisible = 0;
			defaultConfigurationName = Release;
		};
		E039AC8F220179DF008A76BE /* Build configuration list for PBXNativeTarget "FBLA101" */ = {
			isa = XCConfigurationList;
			buildConfigurations = (
				E039AC90220179DF008A76BE /* Debug */,
				E039AC91220179DF008A76BE /* Release */,
			);
			defaultConfigurationIsVisible = 0;
			defaultConfigurationName = Release;
		};
		E039AC92220179DF008A76BE /* Build configuration list for PBXNativeTarget "FBLA101Tests" */ = {
			isa = XCConfigurationList;
			buildConfigurations = (
				E039AC93220179DF008A76BE /* Debug */,
				E039AC94220179DF008A76BE /* Release */,
			);
			defaultConfigurationIsVisible = 0;
			defaultConfigurationName = Release;
		};
		E039AC95220179DF008A76BE /* Build configuration list for PBXNativeTarget "FBLA101UITests" */ = {
			isa = XCConfigurationList;
			buildConfigurations = (
				E039AC96220179DF008A76BE /* Debug */,
				E039AC97220179DF008A76BE /* Release */,
			);
			defaultConfigurationIsVisible = 0;
			defaultConfigurationName = Release;
		};
		E0FA35ED222B238600D61581 /* Build configuration list for PBXNativeTarget "FBLA101 Widget" */ = {
			isa = XCConfigurationList;
			buildConfigurations = (
				E0FA35EE222B238600D61581 /* Debug */,
				E0FA35EF222B238600D61581 /* Release */,
			);
			defaultConfigurationIsVisible = 0;
			defaultConfigurationName = Release;
		};
/* End XCConfigurationList section */

/* Begin XCVersionGroup section */
		E039AC6E220179DD008A76BE /* FBLAPrep.xcdatamodeld */ = {
			isa = XCVersionGroup;
			children = (
				E039AC6F220179DD008A76BE /* FBLAPrep.xcdatamodel */,
			);
			currentVersion = E039AC6F220179DD008A76BE /* FBLAPrep.xcdatamodel */;
			path = FBLAPrep.xcdatamodeld;
			sourceTree = "<group>";
			versionGroupType = wrapper.xcdatamodel;
		};
/* End XCVersionGroup section */
	};
	rootObject = E039AC5C220179DC008A76BE /* Project object */;
}
